
Microsoft Visual Studio Solution File, Format Version 12.00
# Visual Studio 15
Project("{FAE04EC0-301F-11D3-BF4B-00C04F79EFBC}") = "Assembly-CSharp", "Assembly-CSharp.csproj", "{D45EB28E-3A46-6B26-16DD-E2C75B894EBD}"
EndProject
Global
	GlobalSection(SolutionConfigurationPlatforms) = preSolution
		Debug|Any CPU = Debug|Any CPU
		Release|Any CPU = Release|Any CPU
	EndGlobalSection
	GlobalSection(ProjectConfigurationPlatforms) = postSolution
		{D45EB28E-3A46-6B26-16DD-E2C75B894EBD}.Debug|Any CPU.ActiveCfg = Debug|Any CPU
		{D45EB28E-3A46-6B26-16DD-E2C75B894EBD}.Debug|Any CPU.Build.0 = Debug|Any CPU
		{D45EB28E-3A46-6B26-16DD-E2C75B894EBD}.Release|Any CPU.ActiveCfg = Release|Any CPU
		{D45EB28E-3A46-6B26-16DD-E2C75B894EBD}.Release|Any CPU.Build.0 = Release|Any CPU
	EndGlobalSection
	GlobalSection(SolutionProperties) = preSolution
		HideSolutionNode = FALSE
	EndGlobalSection
EndGlobal
